
Microsoft Visual Studio Solution File, Format Version 12.00
# Visual Studio Version 17
VisualStudioVersion = 17.14.36327.8 d17.14
MinimumVisualStudioVersion = 10.0.40219.1
Project("{FAE04EC0-301F-11D3-BF4B-00C04F79EFBC}") = "Financeiro", "Financeiro\Financeiro\Financeiro.csproj", "{70883FA4-424E-4517-86FA-8E72D2ED7529}"
EndProject
Project("{FAE04EC0-301F-11D3-BF4B-00C04F79EFBC}") = "Financeiro.Client", "Financeiro\Financeiro.Client\Financeiro.Client.csproj", "{097B0719-CAFD-4D0D-8857-232828170A87}"
EndProject
Global
	GlobalSection(SolutionConfigurationPlatforms) = preSolution
		Debug|Any CPU = Debug|Any CPU
		Release|Any CPU = Release|Any CPU
	EndGlobalSection
	GlobalSection(ProjectConfigurationPlatforms) = postSolution
		{70883FA4-424E-4517-86FA-8E72D2ED7529}.Debug|Any CPU.ActiveCfg = Debug|Any CPU
		{70883FA4-424E-4517-86FA-8E72D2ED7529}.Debug|Any CPU.Build.0 = Debug|Any CPU
		{70883FA4-424E-4517-86FA-8E72D2ED7529}.Release|Any CPU.ActiveCfg = Release|Any CPU
		{70883FA4-424E-4517-86FA-8E72D2ED7529}.Release|Any CPU.Build.0 = Release|Any CPU
		{097B0719-CAFD-4D0D-8857-232828170A87}.Debug|Any CPU.ActiveCfg = Debug|Any CPU
		{097B0719-CAFD-4D0D-8857-232828170A87}.Debug|Any CPU.Build.0 = Debug|Any CPU
		{097B0719-CAFD-4D0D-8857-232828170A87}.Release|Any CPU.ActiveCfg = Release|Any CPU
		{097B0719-CAFD-4D0D-8857-232828170A87}.Release|Any CPU.Build.0 = Release|Any CPU
	EndGlobalSection
	GlobalSection(SolutionProperties) = preSolution
		HideSolutionNode = FALSE
	EndGlobalSection
	GlobalSection(ExtensibilityGlobals) = postSolution
		SolutionGuid = {C439C060-AB58-4AA4-8076-A1F9DC3A89E0}
	EndGlobalSection
EndGlobal
